
Microsoft Visual Studio Solution File, Format Version 12.00
# Visual Studio 14
VisualStudioVersion = 14.0.25420.1
MinimumVisualStudioVersion = 10.0.40219.1
Project("{FAE04EC0-301F-11D3-BF4B-00C04F79EFBC}") = "Xma.Tests", "Xma.Tests\Xma.Tests.csproj", "{E9FFBCD1-BFB7-489E-B404-C8142C206949}"
EndProject
Project("{FAE04EC0-301F-11D3-BF4B-00C04F79EFBC}") = "Xma.TestAgent", "Xma.TestAgent\Xma.TestAgent.csproj", "{1C29DC8B-E3B7-450E-A8E7-6FD4B482E708}"
EndProject
Global
	GlobalSection(SolutionConfigurationPlatforms) = preSolution
		Debug|Any CPU = Debug|Any CPU
		Release|Any CPU = Release|Any CPU
	EndGlobalSection
	GlobalSection(ProjectConfigurationPlatforms) = postSolution
		{E9FFBCD1-BFB7-489E-B404-C8142C206949}.Debug|Any CPU.ActiveCfg = Debug|Any CPU
		{E9FFBCD1-BFB7-489E-B404-C8142C206949}.Debug|Any CPU.Build.0 = Debug|Any CPU
		{E9FFBCD1-BFB7-489E-B404-C8142C206949}.Release|Any CPU.ActiveCfg = Release|Any CPU
		{E9FFBCD1-BFB7-489E-B404-C8142C206949}.Release|Any CPU.Build.0 = Release|Any CPU
		{1C29DC8B-E3B7-450E-A8E7-6FD4B482E708}.Debug|Any CPU.ActiveCfg = Debug|Any CPU
		{1C29DC8B-E3B7-450E-A8E7-6FD4B482E708}.Debug|Any CPU.Build.0 = Debug|Any CPU
		{1C29DC8B-E3B7-450E-A8E7-6FD4B482E708}.Release|Any CPU.ActiveCfg = Release|Any CPU
		{1C29DC8B-E3B7-450E-A8E7-6FD4B482E708}.Release|Any CPU.Build.0 = Release|Any CPU
	EndGlobalSection
	GlobalSection(SolutionProperties) = preSolution
		HideSolutionNode = FALSE
	EndGlobalSection
EndGlobal
